{
  "name": "foafx",
  "version": "1.1.0",
  "lockfileVersion": 2,
  "requires": true,
  "packages": {
    "": {
      "name": "foafx",
      "version": "1.1.0",
      "license": "ISC",
      "dependencies": {
        "@elemaudio/core": "^1.0.3",
        "@elemaudio/offline-renderer": "^1.0.4",
        "commander": "^9.2.0",
        "invariant": "^2.2.4",
        "spherical-harmonic-transform": "^0.1.1",
        "wavefile": "^11.0.0"
      },
      "bin": {
        "foafx": "index.js"
      }
    },
    "node_modules/@elemaudio/core": {
      "version": "1.0.8",
      "resolved": "https://registry.npmjs.org/@elemaudio/core/-/core-1.0.8.tgz",
      "integrity": "sha512-+chojEufEKg5vS1b4UL+IYYOa6ijqiYDpFCGrw6QnW5Icf+nPX6/+cKyU14jWfrmE4j3C/Y/hdV1qRwzLmWIFQ==",
      "dependencies": {
        "invariant": "^2.2.4",
        "shallowequal": "^1.1.0"
      }
    },
    "node_modules/@elemaudio/offline-renderer": {
      "version": "1.0.14",
      "resolved": "https://registry.npmjs.org/@elemaudio/offline-renderer/-/offline-renderer-1.0.14.tgz",
      "integrity": "sha512-9O7XrjAU7Hu4610iQgGaU2yQJVEaBH5uSm48JdYaGfvBATwve+Ad2lavVZ+ytF6XtvwxwFHNZbXty5ykDh4Lxw==",
      "dependencies": {
        "@elemaudio/core": "^1.0.8",
        "events": "^3.3.0",
        "invariant": "^2.2.4"
      },
      "engines": {
        "node": ">=18"
      }
    },
    "node_modules/commander": {
      "version": "9.2.0",
      "resolved": "https://registry.npmjs.org/commander/-/commander-9.2.0.tgz",
      "integrity": "sha512-e2i4wANQiSXgnrBlIatyHtP1odfUp0BbV5Y5nEGbxtIrStkEOAAzCUirvLBNXHLr7kwLvJl6V+4V3XV9x7Wd9w==",
      "engines": {
        "node": "^12.20.0 || >=14"
      }
    },
    "node_modules/events": {
      "version": "3.3.0",
      "resolved": "https://registry.npmjs.org/events/-/events-3.3.0.tgz",
      "integrity": "sha512-mQw+2fkQbALzQ7V0MY0IqdnXNOeTtP4r0lN9z7AAawCXgqea7bDii20AYrIBrFd/Hx0M2Ocz6S111CaFkUcb0Q==",
      "engines": {
        "node": ">=0.8.x"
      }
    },
    "node_modules/invariant": {
      "version": "2.2.4",
      "resolved": "https://registry.npmjs.org/invariant/-/invariant-2.2.4.tgz",
      "integrity": "sha512-phJfQVBuaJM5raOpJjSfkiD6BpbCE4Ns//LaXl6wGYtUBY83nWS6Rf9tXm2e8VaK60JEjYldbPif/A2B1C2gNA==",
      "dependencies": {
        "loose-envify": "^1.0.0"
      }
    },
    "node_modules/js-tokens": {
      "version": "4.0.0",
      "resolved": "https://registry.npmjs.org/js-tokens/-/js-tokens-4.0.0.tgz",
      "integrity": "sha512-RdJUflcE3cUzKiMqQgsCu06FPu9UdIJO0beYbPhHN4k6apgJtifcoCtT9bcxOpYBtpD2kCM6Sbzg4CausW/PKQ=="
    },
    "node_modules/loose-envify": {
      "version": "1.4.0",
      "resolved": "https://registry.npmjs.org/loose-envify/-/loose-envify-1.4.0.tgz",
      "integrity": "sha512-lyuxPGr/Wfhrlem2CL/UcnUc1zcqKAImBDzukY7Y5F/yQiNdko6+fRLevlw1HgMySw7f611UIY408EtxRSoK3Q==",
      "dependencies": {
        "js-tokens": "^3.0.0 || ^4.0.0"
      },
      "bin": {
        "loose-envify": "cli.js"
      }
    },
    "node_modules/numeric": {
      "version": "1.2.6",
      "resolved": "https://registry.npmjs.org/numeric/-/numeric-1.2.6.tgz",
      "integrity": "sha1-dlsCvvl5iPz4gNTrPza4D6MTNao="
    },
    "node_modules/shallowequal": {
      "version": "1.1.0",
      "resolved": "https://registry.npmjs.org/shallowequal/-/shallowequal-1.1.0.tgz",
      "integrity": "sha512-y0m1JoUZSlPAjXVtPPW70aZWfIL/dSP7AFkRnniLCrK/8MDKog3TySTBmckD+RObVxH0v4Tox67+F14PdED2oQ=="
    },
    "node_modules/spherical-harmonic-transform": {
      "version": "0.1.1",
      "resolved": "https://registry.npmjs.org/spherical-harmonic-transform/-/spherical-harmonic-transform-0.1.1.tgz",
      "integrity": "sha1-H7ocWo6LExOHKE9rLJumgVEQqug=",
      "dependencies": {
        "numeric": "^1.2.6"
      }
    },
    "node_modules/wavefile": {
      "version": "11.0.0",
      "resolved": "https://registry.npmjs.org/wavefile/-/wavefile-11.0.0.tgz",
      "integrity": "sha512-/OBiAALgWU24IG7sC84cDO/KfFuvajWc5Uec0oV2zrpOOZZDgGdOwHwgEzOrwh8jkubBk7PtZfQBIcI1OaE5Ng==",
      "bin": {
        "wavefile": "bin/wavefile.js"
      },
      "engines": {
        "node": ">=8"
      }
    }
  },
  "dependencies": {
    "@elemaudio/core": {
      "version": "1.0.8",
      "resolved": "https://registry.npmjs.org/@elemaudio/core/-/core-1.0.8.tgz",
      "integrity": "sha512-+chojEufEKg5vS1b4UL+IYYOa6ijqiYDpFCGrw6QnW5Icf+nPX6/+cKyU14jWfrmE4j3C/Y/hdV1qRwzLmWIFQ==",
      "requires": {
        "invariant": "^2.2.4",
        "shallowequal": "^1.1.0"
      }
    },
    "@elemaudio/offline-renderer": {
      "version": "1.0.14",
      "resolved": "https://registry.npmjs.org/@elemaudio/offline-renderer/-/offline-renderer-1.0.14.tgz",
      "integrity": "sha512-9O7XrjAU7Hu4610iQgGaU2yQJVEaBH5uSm48JdYaGfvBATwve+Ad2lavVZ+ytF6XtvwxwFHNZbXty5ykDh4Lxw==",
      "requires": {
        "@elemaudio/core": "^1.0.8",
        "events": "^3.3.0",
        "invariant": "^2.2.4"
      }
    },
    "commander": {
      "version": "9.2.0",
      "resolved": "https://registry.npmjs.org/commander/-/commander-9.2.0.tgz",
      "integrity": "sha512-e2i4wANQiSXgnrBlIatyHtP1odfUp0BbV5Y5nEGbxtIrStkEOAAzCUirvLBNXHLr7kwLvJl6V+4V3XV9x7Wd9w=="
    },
    "events": {
      "version": "3.3.0",
      "resolved": "https://registry.npmjs.org/events/-/events-3.3.0.tgz",
      "integrity": "sha512-mQw+2fkQbALzQ7V0MY0IqdnXNOeTtP4r0lN9z7AAawCXgqea7bDii20AYrIBrFd/Hx0M2Ocz6S111CaFkUcb0Q=="
    },
    "invariant": {
      "version": "2.2.4",
      "resolved": "https://registry.npmjs.org/invariant/-/invariant-2.2.4.tgz",
      "integrity": "sha512-phJfQVBuaJM5raOpJjSfkiD6BpbCE4Ns//LaXl6wGYtUBY83nWS6Rf9tXm2e8VaK60JEjYldbPif/A2B1C2gNA==",
      "requires": {
        "loose-envify": "^1.0.0"
      }
    },
    "js-tokens": {
      "version": "4.0.0",
      "resolved": "https://registry.npmjs.org/js-tokens/-/js-tokens-4.0.0.tgz",
      "integrity": "sha512-RdJUflcE3cUzKiMqQgsCu06FPu9UdIJO0beYbPhHN4k6apgJtifcoCtT9bcxOpYBtpD2kCM6Sbzg4CausW/PKQ=="
    },
    "loose-envify": {
      "version": "1.4.0",
      "resolved": "https://registry.npmjs.org/loose-envify/-/loose-envify-1.4.0.tgz",
      "integrity": "sha512-lyuxPGr/Wfhrlem2CL/UcnUc1zcqKAImBDzukY7Y5F/yQiNdko6+fRLevlw1HgMySw7f611UIY408EtxRSoK3Q==",
      "requires": {
        "js-tokens": "^3.0.0 || ^4.0.0"
      }
    },
    "numeric": {
      "version": "1.2.6",
      "resolved": "https://registry.npmjs.org/numeric/-/numeric-1.2.6.tgz",
      "integrity": "sha1-dlsCvvl5iPz4gNTrPza4D6MTNao="
    },
    "shallowequal": {
      "version": "1.1.0",
      "resolved": "https://registry.npmjs.org/shallowequal/-/shallowequal-1.1.0.tgz",
      "integrity": "sha512-y0m1JoUZSlPAjXVtPPW70aZWfIL/dSP7AFkRnniLCrK/8MDKog3TySTBmckD+RObVxH0v4Tox67+F14PdED2oQ=="
    },
    "spherical-harmonic-transform": {
      "version": "0.1.1",
      "resolved": "https://registry.npmjs.org/spherical-harmonic-transform/-/spherical-harmonic-transform-0.1.1.tgz",
      "integrity": "sha1-H7ocWo6LExOHKE9rLJumgVEQqug=",
      "requires": {
        "numeric": "^1.2.6"
      }
    },
    "wavefile": {
      "version": "11.0.0",
      "resolved": "https://registry.npmjs.org/wavefile/-/wavefile-11.0.0.tgz",
      "integrity": "sha512-/OBiAALgWU24IG7sC84cDO/KfFuvajWc5Uec0oV2zrpOOZZDgGdOwHwgEzOrwh8jkubBk7PtZfQBIcI1OaE5Ng=="
    }
  }
}
